
Microsoft Visual Studio Solution File, Format Version 12.00
# Visual Studio Version 17
VisualStudioVersion = 17.12.35506.116 d17.12
MinimumVisualStudioVersion = 10.0.40219.1
Project("{151D2E53-A2C4-4D7D-83FE-D05416EBD58E}") = "Projet final", "Projet final\Projet final.deployproj", "{EEB0CB3D-B9D3-4E72-A28B-6923DD9B3A42}"
EndProject
Project("{151D2E53-A2C4-4D7D-83FE-D05416EBD58E}") = "StorageAccount", "StorageAccount\StorageAccount.deployproj", "{D62D182F-BF44-4AB3-8316-2276A35B6B1F}"
EndProject
Project("{FAE04EC0-301F-11D3-BF4B-00C04F79EFBC}") = "FunctionApp1", "FunctionApp1\FunctionApp1.csproj", "{F4BF8B53-7202-4DED-986B-FA5E99740257}"
EndProject
Project("{FAE04EC0-301F-11D3-BF4B-00C04F79EFBC}") = "FunctionApp2", "FunctionApp2\FunctionApp2.csproj", "{12D85AF9-B4DE-4BDF-B789-04C11621B5F9}"
EndProject
Global
	GlobalSection(SolutionConfigurationPlatforms) = preSolution
		Debug|Any CPU = Debug|Any CPU
		Release|Any CPU = Release|Any CPU
	EndGlobalSection
	GlobalSection(ProjectConfigurationPlatforms) = postSolution
		{EEB0CB3D-B9D3-4E72-A28B-6923DD9B3A42}.Debug|Any CPU.ActiveCfg = Debug|Any CPU
		{EEB0CB3D-B9D3-4E72-A28B-6923DD9B3A42}.Debug|Any CPU.Build.0 = Debug|Any CPU
		{EEB0CB3D-B9D3-4E72-A28B-6923DD9B3A42}.Release|Any CPU.ActiveCfg = Release|Any CPU
		{EEB0CB3D-B9D3-4E72-A28B-6923DD9B3A42}.Release|Any CPU.Build.0 = Release|Any CPU
		{D62D182F-BF44-4AB3-8316-2276A35B6B1F}.Debug|Any CPU.ActiveCfg = Debug|Any CPU
		{D62D182F-BF44-4AB3-8316-2276A35B6B1F}.Debug|Any CPU.Build.0 = Debug|Any CPU
		{D62D182F-BF44-4AB3-8316-2276A35B6B1F}.Release|Any CPU.ActiveCfg = Release|Any CPU
		{D62D182F-BF44-4AB3-8316-2276A35B6B1F}.Release|Any CPU.Build.0 = Release|Any CPU
		{F4BF8B53-7202-4DED-986B-FA5E99740257}.Debug|Any CPU.ActiveCfg = Debug|Any CPU
		{F4BF8B53-7202-4DED-986B-FA5E99740257}.Debug|Any CPU.Build.0 = Debug|Any CPU
		{F4BF8B53-7202-4DED-986B-FA5E99740257}.Release|Any CPU.ActiveCfg = Release|Any CPU
		{F4BF8B53-7202-4DED-986B-FA5E99740257}.Release|Any CPU.Build.0 = Release|Any CPU
		{12D85AF9-B4DE-4BDF-B789-04C11621B5F9}.Debug|Any CPU.ActiveCfg = Debug|Any CPU
		{12D85AF9-B4DE-4BDF-B789-04C11621B5F9}.Debug|Any CPU.Build.0 = Debug|Any CPU
		{12D85AF9-B4DE-4BDF-B789-04C11621B5F9}.Release|Any CPU.ActiveCfg = Release|Any CPU
		{12D85AF9-B4DE-4BDF-B789-04C11621B5F9}.Release|Any CPU.Build.0 = Release|Any CPU
	EndGlobalSection
	GlobalSection(SolutionProperties) = preSolution
		HideSolutionNode = FALSE
	EndGlobalSection
EndGlobal
